# THIS IS AN AUTOGENERATED FILE. DO NOT EDIT THIS FILE DIRECTLY.
# yarn lockfile v1


delta-e@^0.0.7:
  version "0.0.7"
  resolved "https://registry.yarnpkg.com/delta-e/-/delta-e-0.0.7.tgz#92123877a86f01c799767402a8593138e910c081"

hex-rgb@~2.0.0:
  version "2.0.0"
  resolved "https://registry.yarnpkg.com/hex-rgb/-/hex-rgb-2.0.0.tgz#e7da9ad8398bb8767e925c8a412f5dd0d1504da0"

relative-luminance@0.0.1:
  version "0.0.1"
  resolved "https://registry.yarnpkg.com/relative-luminance/-/relative-luminance-0.0.1.tgz#e591d6f78e0201612c70347a47d066e1d7d6f222"

wcag-contrast@^0.1.1:
  version "0.1.1"
  resolved "https://registry.yarnpkg.com/wcag-contrast/-/wcag-contrast-0.1.1.tgz#0c135745f3dc40f8d2b9e20f238c9dc379c165dd"
  dependencies:
    hex-rgb "~2.0.0"
    relative-luminance "0.0.1"
